#MicroXplorer Configuration settings - do not modify
DCMI.IPParameters=PCKPolarity,VSPolarity
DCMI.PCKPolarity=DCMI_PCKPOLARITY_RISING
DCMI.VSPolarity=DCMI_VSPOLARITY_HIGH
Dma.DCMI.1.Direction=DMA_PERIPH_TO_MEMORY
Dma.DCMI.1.FIFOMode=DMA_FIFOMODE_DISABLE
Dma.DCMI.1.Instance=DMA2_Stream1
Dma.DCMI.1.MemDataAlignment=DMA_MDATAALIGN_WORD
Dma.DCMI.1.MemInc=DMA_MINC_DISABLE
Dma.DCMI.1.Mode=DMA_NORMAL
Dma.DCMI.1.PeriphDataAlignment=DMA_PDATAALIGN_WORD
Dma.DCMI.1.PeriphInc=DMA_PINC_DISABLE
Dma.DCMI.1.Priority=DMA_PRIORITY_LOW
Dma.DCMI.1.RequestParameters=Instance,Direction,PeriphInc,MemInc,PeriphDataAlignment,MemDataAlignment,Mode,Priority,FIFOMode
Dma.Request0=USART2_RX
Dma.Request1=DCMI
Dma.RequestsNb=2
Dma.USART2_RX.0.Direction=DMA_PERIPH_TO_MEMORY
Dma.USART2_RX.0.FIFOMode=DMA_FIFOMODE_DISABLE
Dma.USART2_RX.0.Instance=DMA1_Stream5
Dma.USART2_RX.0.MemDataAlignment=DMA_MDATAALIGN_BYTE
Dma.USART2_RX.0.MemInc=DMA_MINC_ENABLE
Dma.USART2_RX.0.Mode=DMA_CIRCULAR
Dma.USART2_RX.0.PeriphDataAlignment=DMA_PDATAALIGN_BYTE
Dma.USART2_RX.0.PeriphInc=DMA_PINC_DISABLE
Dma.USART2_RX.0.Priority=DMA_PRIORITY_LOW
Dma.USART2_RX.0.RequestParameters=Instance,Direction,PeriphInc,MemInc,PeriphDataAlignment,MemDataAlignment,Mode,Priority,FIFOMode
FREERTOS.FootprintOK=true
FREERTOS.IPParameters=Tasks01,FootprintOK,Queues01,configTOTAL_HEAP_SIZE
FREERTOS.Queues01=QueueModeMgr,4,uint32_t,NULL,Dynamic,NULL,NULL;QueueLiveviewCtrl,4,uint32_t,NULL,Dynamic,NULL,NULL;QueuePlaybackCtrl,4,uint32_t,NULL,Dynamic,NULL,NULL;QueueInput,4,uint32_t,NULL,Dynamic,NULL,NULL
FREERTOS.Tasks01=DebugMonitor,-3,512,debugMonitor_task,As weak,NULL,Dynamic,NULL,NULL;ModeMgr,-1,128,modeMgr_task,As external,NULL,Dynamic,NULL,NULL;LiveviewCtrl,0,512,liveviewCtrl_task,As external,NULL,Dynamic,NULL,NULL;PlaybackCtrl,0,512,playbackCtrl_task,As external,NULL,Dynamic,NULL,NULL;Input,1,128,input_task,As external,NULL,Dynamic,NULL,NULL
FREERTOS.configTOTAL_HEAP_SIZE=65536
FSMC.AddressSetupTime1=2
FSMC.BusTurnAroundDuration1=1
FSMC.DataSetupTime1=4
FSMC.IPParameters=DataSetupTime1,AddressSetupTime1,BusTurnAroundDuration1
File.Version=6
KeepUserPlacement=true
Mcu.Family=STM32F4
Mcu.IP0=DCMI
Mcu.IP1=DMA
Mcu.IP10=SYS
Mcu.IP11=TIM5
Mcu.IP12=USART2
Mcu.IP2=FATFS
Mcu.IP3=FREERTOS
Mcu.IP4=FSMC
Mcu.IP5=I2C2
Mcu.IP6=LIBJPEG
Mcu.IP7=NVIC
Mcu.IP8=RCC
Mcu.IP9=SPI1
Mcu.IPNb=13
Mcu.Name=STM32F407V(E-G)Tx
Mcu.Package=LQFP100
Mcu.Pin0=PE3
Mcu.Pin1=PC14-OSC32_IN
Mcu.Pin10=PA1
Mcu.Pin11=PA2
Mcu.Pin12=PA3
Mcu.Pin13=PA4
Mcu.Pin14=PA5
Mcu.Pin15=PA6
Mcu.Pin16=PA7
Mcu.Pin17=PC5
Mcu.Pin18=PB2
Mcu.Pin19=PE7
Mcu.Pin2=PC15-OSC32_OUT
Mcu.Pin20=PE8
Mcu.Pin21=PE9
Mcu.Pin22=PE10
Mcu.Pin23=PE11
Mcu.Pin24=PE12
Mcu.Pin25=PE13
Mcu.Pin26=PE14
Mcu.Pin27=PE15
Mcu.Pin28=PB10
Mcu.Pin29=PB11
Mcu.Pin3=PH0-OSC_IN
Mcu.Pin30=PD8
Mcu.Pin31=PD9
Mcu.Pin32=PD10
Mcu.Pin33=PD11
Mcu.Pin34=PD12
Mcu.Pin35=PD13
Mcu.Pin36=PD14
Mcu.Pin37=PD15
Mcu.Pin38=PC6
Mcu.Pin39=PC7
Mcu.Pin4=PH1-OSC_OUT
Mcu.Pin40=PC8
Mcu.Pin41=PC9
Mcu.Pin42=PA8
Mcu.Pin43=PA9
Mcu.Pin44=PA10
Mcu.Pin45=PA11
Mcu.Pin46=PA12
Mcu.Pin47=PA13
Mcu.Pin48=PA14
Mcu.Pin49=PA15
Mcu.Pin5=PC0
Mcu.Pin50=PC11
Mcu.Pin51=PD0
Mcu.Pin52=PD1
Mcu.Pin53=PD4
Mcu.Pin54=PD5
Mcu.Pin55=PD7
Mcu.Pin56=PB3
Mcu.Pin57=PB4
Mcu.Pin58=PB6
Mcu.Pin59=PB7
Mcu.Pin6=PC1
Mcu.Pin60=PB8
Mcu.Pin61=PB9
Mcu.Pin62=VP_FATFS_VS_Generic
Mcu.Pin63=VP_FREERTOS_VS_ENABLE
Mcu.Pin64=VP_LIBJPEG_VS_JPEGLIB
Mcu.Pin65=VP_SYS_VS_tim6
Mcu.Pin7=PC2
Mcu.Pin8=PC3
Mcu.Pin9=PA0-WKUP
Mcu.PinsNb=66
Mcu.UserConstants=
Mcu.UserName=STM32F407VGTx
MxCube.Version=4.22.0
MxDb.Version=DB.4.0.220
NVIC.BusFault_IRQn=true\:0\:0\:false\:false\:false\:false
NVIC.DCMI_IRQn=true\:5\:0\:false\:false\:true\:true
NVIC.DMA1_Stream5_IRQn=true\:5\:0\:false\:false\:true\:true
NVIC.DMA2_Stream1_IRQn=true\:5\:0\:false\:false\:true\:true
NVIC.DebugMonitor_IRQn=true\:0\:0\:false\:false\:false\:false
NVIC.HardFault_IRQn=true\:0\:0\:false\:false\:false\:false
NVIC.MemoryManagement_IRQn=true\:0\:0\:false\:false\:false\:false
NVIC.NonMaskableInt_IRQn=true\:0\:0\:false\:false\:false\:false
NVIC.PendSV_IRQn=true\:15\:0\:false\:false\:false\:true
NVIC.PriorityGroup=NVIC_PRIORITYGROUP_4
NVIC.SVCall_IRQn=true\:0\:0\:false\:false\:false\:false
NVIC.SysTick_IRQn=true\:15\:0\:false\:false\:true\:true
NVIC.TIM6_DAC_IRQn=true\:0\:0\:false\:false\:true\:false
NVIC.TimeBase=TIM6_DAC_IRQn
NVIC.TimeBaseIP=TIM6
NVIC.USART2_IRQn=true\:5\:0\:false\:false\:true\:true
NVIC.UsageFault_IRQn=true\:0\:0\:false\:false\:false\:false
PA0-WKUP.GPIOParameters=GPIO_PuPd
PA0-WKUP.GPIO_PuPd=GPIO_PULLUP
PA0-WKUP.Signal=S_TIM5_CH1
PA1.GPIOParameters=GPIO_PuPd
PA1.GPIO_PuPd=GPIO_PULLUP
PA1.Signal=S_TIM5_CH2
PA10.GPIOParameters=GPIO_Speed,GPIO_PuPd,GPIO_Label,GPIO_Mode
PA10.GPIO_Label=OTG_FS_ID
PA10.GPIO_Mode=GPIO_MODE_AF_PP
PA10.GPIO_PuPd=GPIO_NOPULL
PA10.GPIO_Speed=GPIO_SPEED_FREQ_LOW
PA10.Locked=true
PA10.Signal=USB_OTG_FS_ID
PA11.GPIOParameters=GPIO_Speed,GPIO_PuPd,GPIO_Label,GPIO_Mode
PA11.GPIO_Label=OTG_FS_DM
PA11.GPIO_Mode=GPIO_MODE_AF_PP
PA11.GPIO_PuPd=GPIO_NOPULL
PA11.GPIO_Speed=GPIO_SPEED_FREQ_LOW
PA11.Locked=true
PA11.Signal=USB_OTG_FS_DM
PA12.GPIOParameters=GPIO_Speed,GPIO_PuPd,GPIO_Label,GPIO_Mode
PA12.GPIO_Label=OTG_FS_DP
PA12.GPIO_Mode=GPIO_MODE_AF_PP
PA12.GPIO_PuPd=GPIO_NOPULL
PA12.GPIO_Speed=GPIO_SPEED_FREQ_LOW
PA12.Locked=true
PA12.Signal=USB_OTG_FS_DP
PA13.GPIOParameters=GPIO_Label
PA13.GPIO_Label=SWDIO
PA13.Locked=true
PA13.Signal=SYS_JTMS-SWDIO
PA14.GPIOParameters=GPIO_Label
PA14.GPIO_Label=SWCLK
PA14.Locked=true
PA14.Signal=SYS_JTCK-SWCLK
PA15.GPIOParameters=PinState,GPIO_Label
PA15.GPIO_Label=SD_CS
PA15.Locked=true
PA15.PinState=GPIO_PIN_SET
PA15.Signal=GPIO_Output
PA2.Mode=Asynchronous
PA2.Signal=USART2_TX
PA3.Mode=Asynchronous
PA3.Signal=USART2_RX
PA4.GPIOParameters=GPIO_Speed,GPIO_PuPd
PA4.GPIO_PuPd=GPIO_PULLDOWN
PA4.GPIO_Speed=GPIO_SPEED_FREQ_VERY_HIGH
PA4.Mode=Slave_8_bits_External_Synchro
PA4.Signal=DCMI_HSYNC
PA5.GPIOParameters=GPIO_PuPd
PA5.GPIO_PuPd=GPIO_PULLDOWN
PA5.Mode=Full_Duplex_Master
PA5.Signal=SPI1_SCK
PA6.GPIOParameters=GPIO_Speed,GPIO_PuPd
PA6.GPIO_PuPd=GPIO_PULLDOWN
PA6.GPIO_Speed=GPIO_SPEED_FREQ_VERY_HIGH
PA6.Mode=Slave_8_bits_External_Synchro
PA6.Signal=DCMI_PIXCK
PA7.GPIOParameters=GPIO_PuPd
PA7.GPIO_PuPd=GPIO_PULLUP
PA7.Mode=Full_Duplex_Master
PA7.Signal=SPI1_MOSI
PA8.GPIOParameters=GPIO_Speed
PA8.GPIO_Speed=GPIO_SPEED_FREQ_VERY_HIGH
PA8.Mode=Clock-out-1
PA8.Signal=RCC_MCO_1
PA9.GPIOParameters=GPIO_PuPd,GPIO_Label,GPIO_Mode
PA9.GPIO_Label=VBUS_FS
PA9.GPIO_Mode=GPIO_MODE_INPUT
PA9.GPIO_PuPd=GPIO_NOPULL
PA9.Locked=true
PA9.Signal=USB_OTG_FS_VBUS
PB10.Mode=I2C
PB10.Signal=I2C2_SCL
PB11.Mode=I2C
PB11.Signal=I2C2_SDA
PB2.GPIOParameters=GPIO_PuPd,GPIO_Label,GPIO_Mode
PB2.GPIO_Label=BOOT1
PB2.GPIO_Mode=GPIO_MODE_INPUT
PB2.GPIO_PuPd=GPIO_NOPULL
PB2.Locked=true
PB2.Signal=GPIO_Input
PB3.GPIOParameters=GPIO_Label
PB3.GPIO_Label=SWO
PB3.Locked=true
PB3.Signal=SYS_JTDO-SWO
PB4.GPIOParameters=GPIO_PuPd
PB4.GPIO_PuPd=GPIO_PULLUP
PB4.Mode=Full_Duplex_Master
PB4.Signal=SPI1_MISO
PB6.GPIOParameters=GPIO_Speed,GPIO_PuPd
PB6.GPIO_PuPd=GPIO_PULLDOWN
PB6.GPIO_Speed=GPIO_SPEED_FREQ_VERY_HIGH
PB6.Mode=Slave_8_bits_External_Synchro
PB6.Signal=DCMI_D5
PB7.GPIOParameters=GPIO_Speed,GPIO_PuPd
PB7.GPIO_PuPd=GPIO_PULLDOWN
PB7.GPIO_Speed=GPIO_SPEED_FREQ_VERY_HIGH
PB7.Mode=Slave_8_bits_External_Synchro
PB7.Signal=DCMI_VSYNC
PB8.GPIOParameters=GPIO_Speed,GPIO_PuPd
PB8.GPIO_PuPd=GPIO_PULLDOWN
PB8.GPIO_Speed=GPIO_SPEED_FREQ_VERY_HIGH
PB8.Locked=true
PB8.Mode=Slave_8_bits_External_Synchro
PB8.Signal=DCMI_D6
PB9.GPIOParameters=GPIO_Speed,GPIO_PuPd
PB9.GPIO_PuPd=GPIO_PULLDOWN
PB9.GPIO_Speed=GPIO_SPEED_FREQ_VERY_HIGH
PB9.Locked=true
PB9.Mode=Slave_8_bits_External_Synchro
PB9.Signal=DCMI_D7
PC0.GPIOParameters=GPIO_Speed,PinState,GPIO_PuPd,GPIO_Label
PC0.GPIO_Label=OTG_FS_PowerSwitchOn
PC0.GPIO_PuPd=GPIO_NOPULL
PC0.GPIO_Speed=GPIO_SPEED_FREQ_LOW
PC0.Locked=true
PC0.PinState=GPIO_PIN_SET
PC0.Signal=GPIO_Output
PC1.GPIOParameters=GPIO_PuPd,GPIO_Label
PC1.GPIO_Label=BTN_CAP
PC1.GPIO_PuPd=GPIO_PULLUP
PC1.Locked=true
PC1.Signal=GPIO_Input
PC11.GPIOParameters=GPIO_Speed,GPIO_PuPd
PC11.GPIO_PuPd=GPIO_PULLDOWN
PC11.GPIO_Speed=GPIO_SPEED_FREQ_VERY_HIGH
PC11.Locked=true
PC11.Mode=Slave_8_bits_External_Synchro
PC11.Signal=DCMI_D4
PC14-OSC32_IN.GPIOParameters=GPIO_Label
PC14-OSC32_IN.GPIO_Label=PC14-OSC32_IN
PC14-OSC32_IN.Locked=true
PC14-OSC32_IN.Signal=RCC_OSC32_IN
PC15-OSC32_OUT.GPIOParameters=GPIO_Label
PC15-OSC32_OUT.GPIO_Label=PC15-OSC32_OUT
PC15-OSC32_OUT.Locked=true
PC15-OSC32_OUT.Signal=RCC_OSC32_OUT
PC2.GPIOParameters=GPIO_PuPd,GPIO_Label
PC2.GPIO_Label=BTN_MODE
PC2.GPIO_PuPd=GPIO_PULLUP
PC2.Locked=true
PC2.Signal=GPIO_Input
PC3.GPIOParameters=GPIO_PuPd,GPIO_Label
PC3.GPIO_Label=BTN_OTHER0
PC3.GPIO_PuPd=GPIO_PULLUP
PC3.Locked=true
PC3.Signal=GPIO_Input
PC5.GPIOParameters=GPIO_PuPd,GPIO_Label
PC5.GPIO_Label=CAMERA_RESET
PC5.GPIO_PuPd=GPIO_PULLUP
PC5.Locked=true
PC5.Signal=GPIO_Output
PC6.GPIOParameters=GPIO_Speed,GPIO_PuPd
PC6.GPIO_PuPd=GPIO_PULLDOWN
PC6.GPIO_Speed=GPIO_SPEED_FREQ_VERY_HIGH
PC6.Mode=Slave_8_bits_External_Synchro
PC6.Signal=DCMI_D0
PC7.GPIOParameters=GPIO_Speed,GPIO_PuPd
PC7.GPIO_PuPd=GPIO_PULLDOWN
PC7.GPIO_Speed=GPIO_SPEED_FREQ_VERY_HIGH
PC7.Mode=Slave_8_bits_External_Synchro
PC7.Signal=DCMI_D1
PC8.GPIOParameters=GPIO_Speed,GPIO_PuPd
PC8.GPIO_PuPd=GPIO_PULLDOWN
PC8.GPIO_Speed=GPIO_SPEED_FREQ_VERY_HIGH
PC8.Mode=Slave_8_bits_External_Synchro
PC8.Signal=DCMI_D2
PC9.GPIOParameters=GPIO_Speed,GPIO_PuPd
PC9.GPIO_PuPd=GPIO_PULLDOWN
PC9.GPIO_Speed=GPIO_SPEED_FREQ_VERY_HIGH
PC9.Mode=Slave_8_bits_External_Synchro
PC9.Signal=DCMI_D3
PCC.Checker=false
PCC.Line=STM32F407/417
PCC.MCU=STM32F407V(E-G)Tx
PCC.PartNumber=STM32F407VGTx
PCC.Seq0=0
PCC.Series=STM32F4
PCC.Temperature=25
PCC.Vdd=3.3
PD0.Mode=16b-d1
PD0.Signal=FSMC_D2
PD1.Mode=16b-d1
PD1.Signal=FSMC_D3
PD10.Mode=16b-d1
PD10.Signal=FSMC_D15
PD11.Mode=A16_1
PD11.Signal=FSMC_A16
PD12.GPIOParameters=GPIO_Speed,GPIO_PuPd,GPIO_Label
PD12.GPIO_Label=LD4 [Green Led]
PD12.GPIO_PuPd=GPIO_NOPULL
PD12.GPIO_Speed=GPIO_SPEED_FREQ_LOW
PD12.Locked=true
PD12.Signal=GPIO_Output
PD13.GPIOParameters=GPIO_Speed,GPIO_PuPd,GPIO_Label
PD13.GPIO_Label=LD3 [Orange Led]
PD13.GPIO_PuPd=GPIO_NOPULL
PD13.GPIO_Speed=GPIO_SPEED_FREQ_LOW
PD13.Locked=true
PD13.Signal=GPIO_Output
PD14.Mode=16b-d1
PD14.Signal=FSMC_D0
PD15.Mode=16b-d1
PD15.Signal=FSMC_D1
PD4.Mode=Lcd1
PD4.Signal=FSMC_NOE
PD5.Mode=Lcd1
PD5.Signal=FSMC_NWE
PD7.Mode=NorPsramChipSelect1_1
PD7.Signal=FSMC_NE1
PD8.Mode=16b-d1
PD8.Signal=FSMC_D13
PD9.Mode=16b-d1
PD9.Signal=FSMC_D14
PE10.Mode=16b-d1
PE10.Signal=FSMC_D7
PE11.Mode=16b-d1
PE11.Signal=FSMC_D8
PE12.Mode=16b-d1
PE12.Signal=FSMC_D9
PE13.Mode=16b-d1
PE13.Signal=FSMC_D10
PE14.Mode=16b-d1
PE14.Signal=FSMC_D11
PE15.Mode=16b-d1
PE15.Signal=FSMC_D12
PE3.GPIOParameters=GPIO_Speed,PinState,GPIO_PuPd,GPIO_Label
PE3.GPIO_Label=CS_I2C/SPI [LIS302DL_CS_I2C/SPI]
PE3.GPIO_PuPd=GPIO_NOPULL
PE3.GPIO_Speed=GPIO_SPEED_FREQ_LOW
PE3.Locked=true
PE3.PinState=GPIO_PIN_SET
PE3.Signal=GPIO_Output
PE7.Mode=16b-d1
PE7.Signal=FSMC_D4
PE8.Mode=16b-d1
PE8.Signal=FSMC_D5
PE9.Mode=16b-d1
PE9.Signal=FSMC_D6
PH0-OSC_IN.GPIOParameters=GPIO_Label
PH0-OSC_IN.GPIO_Label=PH0-OSC_IN
PH0-OSC_IN.Locked=true
PH0-OSC_IN.Mode=HSE-External-Oscillator
PH0-OSC_IN.Signal=RCC_OSC_IN
PH1-OSC_OUT.GPIOParameters=GPIO_Label
PH1-OSC_OUT.GPIO_Label=PH1-OSC_OUT
PH1-OSC_OUT.Locked=true
PH1-OSC_OUT.Mode=HSE-External-Oscillator
PH1-OSC_OUT.Signal=RCC_OSC_OUT
PinOutPanel.RotationAngle=0
ProjectManager.AskForMigrate=true
ProjectManager.BackupPrevious=false
ProjectManager.CompilerOptimize=2
ProjectManager.ComputerToolchain=false
ProjectManager.CoupleFile=false
ProjectManager.CustomerFirmwarePackage=C\:/Users/tak/STM32Cube/Repository/STM32Cube_FW_F4_V1.16.0
ProjectManager.DefaultFWLocation=true
ProjectManager.DeletePrevious=true
ProjectManager.DeviceId=STM32F407VGTx
ProjectManager.FirmwarePackage=STM32Cube FW_F4 V1.16.0
ProjectManager.FreePins=false
ProjectManager.HalAssertFull=false
ProjectManager.HeapSize=0x200
ProjectManager.KeepUserCode=true
ProjectManager.LastFirmware=true
ProjectManager.LibraryCopy=1
ProjectManager.PreviousToolchain=SW4STM32
ProjectManager.ProjectBuild=false
ProjectManager.ProjectFileName=DigitalCamera_STM32.ioc
ProjectManager.ProjectName=DigitalCamera_STM32
ProjectManager.StackSize=0x400
ProjectManager.TargetToolchain=SW4STM32
ProjectManager.ToolChainLocation=
ProjectManager.UnderRoot=true
ProjectManager.functionlistsort=1-MX_GPIO_Init-GPIO-false-HAL,2-MX_DMA_Init-DMA-false-HAL,3-SystemClock_Config-RCC-false-HAL,4-MX_USART2_UART_Init-USART2-false-HAL,5-MX_DCMI_Init-DCMI-false-HAL,6-MX_SPI1_Init-SPI1-false-HAL,7-MX_I2C2_Init-I2C2-false-HAL,8-MX_FSMC_Init-FSMC-false-HAL,9-MX_TIM5_Init-TIM5-false-HAL,10-MX_FATFS_Init-FATFS-false-HAL,11-MX_LIBJPEG_Init-LIBJPEG-false-HAL
RCC.48MHZClocksFreq_Value=48000000
RCC.AHBFreq_Value=168000000
RCC.APB1CLKDivider=RCC_HCLK_DIV4
RCC.APB1Freq_Value=42000000
RCC.APB1TimFreq_Value=84000000
RCC.APB2CLKDivider=RCC_HCLK_DIV2
RCC.APB2Freq_Value=84000000
RCC.APB2TimFreq_Value=168000000
RCC.CortexFreq_Value=168000000
RCC.EthernetFreq_Value=168000000
RCC.FCLKCortexFreq_Value=168000000
RCC.FamilyName=M
RCC.HCLKFreq_Value=168000000
RCC.HSE_VALUE=8000000
RCC.HSI_VALUE=16000000
RCC.I2SClocksFreq_Value=96000000
RCC.IPParameters=48MHZClocksFreq_Value,AHBFreq_Value,APB1CLKDivider,APB1Freq_Value,APB1TimFreq_Value,APB2CLKDivider,APB2Freq_Value,APB2TimFreq_Value,CortexFreq_Value,EthernetFreq_Value,FCLKCortexFreq_Value,FamilyName,HCLKFreq_Value,HSE_VALUE,HSI_VALUE,I2SClocksFreq_Value,LSE_VALUE,LSI_VALUE,MCO1PinFreq_Value,MCO2PinFreq_Value,PLLCLKFreq_Value,PLLM,PLLN,PLLQ,PLLQCLKFreq_Value,PLLSourceVirtual,RCC_MCO1Source,RCC_MCODiv1,RTCFreq_Value,RTCHSEDivFreq_Value,SYSCLKFreq_VALUE,SYSCLKSource,VCOI2SOutputFreq_Value,VCOInputFreq_Value,VCOOutputFreq_Value,VcooutputI2S
RCC.LSE_VALUE=32768
RCC.LSI_VALUE=32000
RCC.MCO1PinFreq_Value=42000000
RCC.MCO2PinFreq_Value=168000000
RCC.PLLCLKFreq_Value=168000000
RCC.PLLM=8
RCC.PLLN=336
RCC.PLLQ=7
RCC.PLLQCLKFreq_Value=48000000
RCC.PLLSourceVirtual=RCC_PLLSOURCE_HSE
RCC.RCC_MCO1Source=RCC_MCO1SOURCE_PLLCLK
RCC.RCC_MCODiv1=RCC_MCODIV_4
RCC.RTCFreq_Value=32000
RCC.RTCHSEDivFreq_Value=4000000
RCC.SYSCLKFreq_VALUE=168000000
RCC.SYSCLKSource=RCC_SYSCLKSOURCE_PLLCLK
RCC.VCOI2SOutputFreq_Value=192000000
RCC.VCOInputFreq_Value=1000000
RCC.VCOOutputFreq_Value=336000000
RCC.VcooutputI2S=96000000
SH.S_TIM5_CH1.0=TIM5_CH1,Encoder_Interface
SH.S_TIM5_CH1.ConfNb=1
SH.S_TIM5_CH2.0=TIM5_CH2,Encoder_Interface
SH.S_TIM5_CH2.ConfNb=1
SPI1.CalculateBaudRate=42.0 MBits/s
SPI1.Direction=SPI_DIRECTION_2LINES
SPI1.IPParameters=VirtualType,Mode,Direction,CalculateBaudRate
SPI1.Mode=SPI_MODE_MASTER
SPI1.VirtualType=VM_MASTER
TIM5.EncoderMode=TIM_ENCODERMODE_TI12
TIM5.IC1Filter=5
TIM5.IPParameters=Period,EncoderMode,IC1Filter
TIM5.Period=4294967295
USART2.BaudRate=921600
USART2.IPParameters=VirtualMode,BaudRate
USART2.VirtualMode=VM_ASYNC
VP_FATFS_VS_Generic.Mode=User_defined
VP_FATFS_VS_Generic.Signal=FATFS_VS_Generic
VP_FREERTOS_VS_ENABLE.Mode=Enabled
VP_FREERTOS_VS_ENABLE.Signal=FREERTOS_VS_ENABLE
VP_LIBJPEG_VS_JPEGLIB.Mode=Enabled
VP_LIBJPEG_VS_JPEGLIB.Signal=LIBJPEG_VS_JPEGLIB
VP_SYS_VS_tim6.Mode=TIM6
VP_SYS_VS_tim6.Signal=SYS_VS_tim6
board=STM32F4DISCOVERY
boardIOC=true
